
Microsoft Visual Studio Solution File, Format Version 12.00
# Visual Studio 15
VisualStudioVersion = 15.0.28307.1169
MinimumVisualStudioVersion = 10.0.40219.1
Project("{159641D6-6404-4A2A-AE62-294DE0FE8301}") = "cb5 Fudgemart Inc Order Fulfillment", "cb5 Fudgemart Inc Order Fulfillment\cb5 Fudgemart Inc Order Fulfillment.dtproj", "{77EA9925-7BA3-4F69-A698-71E8695627BA}"
EndProject
Global
	GlobalSection(SolutionConfigurationPlatforms) = preSolution
		Development|Default = Development|Default
	EndGlobalSection
	GlobalSection(ProjectConfigurationPlatforms) = postSolution
		{77EA9925-7BA3-4F69-A698-71E8695627BA}.Development|Default.ActiveCfg = Development
		{77EA9925-7BA3-4F69-A698-71E8695627BA}.Development|Default.Build.0 = Development
	EndGlobalSection
	GlobalSection(SolutionProperties) = preSolution
		HideSolutionNode = FALSE
	EndGlobalSection
	GlobalSection(ExtensibilityGlobals) = postSolution
		SolutionGuid = {3BB902B4-E356-4C95-93EC-1F9D8C957A6F}
	EndGlobalSection
EndGlobal
