
Microsoft Visual Studio Solution File, Format Version 12.00
# Visual Studio 15
VisualStudioVersion = 15.0.28307.1169
MinimumVisualStudioVersion = 10.0.40219.1
Project("{D2ABAB84-BF74-430A-B69E-9DC6D40DDA17}") = "ist722_hhkhan_cb5(IST-CS-DW1)", "<Server=ist-cs-dw1.ad.syr.edu;Database=ist722_hhkhan_cb5;>", "{629B1409-B354-411B-9130-1467EE180C93}"
EndProject
Global
	GlobalSection(SolutionConfigurationPlatforms) = preSolution
		Development|Default = Development|Default
	EndGlobalSection
	GlobalSection(ProjectConfigurationPlatforms) = postSolution
		{629B1409-B354-411B-9130-1467EE180C93}.Development|Default.ActiveCfg = Development
	EndGlobalSection
	GlobalSection(SolutionProperties) = preSolution
		HideSolutionNode = FALSE
	EndGlobalSection
	GlobalSection(ExtensibilityGlobals) = postSolution
		SolutionGuid = {B43B2600-B9B7-4930-8BD4-D6D9494A6C18}
	EndGlobalSection
EndGlobal
